
Microsoft Visual Studio Solution File, Format Version 12.00
# Visual Studio 15
VisualStudioVersion = 15.0.27703.2047
MinimumVisualStudioVersion = 10.0.40219.1
Project("{888888A0-9F3D-457C-B088-3A5042F75D52}") = "Python_course", "Python_course\Python_course.pyproj", "{A3839BEF-2D3F-4817-AB3E-43781E6CDE07}"
EndProject
Global
	GlobalSection(SolutionConfigurationPlatforms) = preSolution
		Debug|Any CPU = Debug|Any CPU
		Release|Any CPU = Release|Any CPU
	EndGlobalSection
	GlobalSection(ProjectConfigurationPlatforms) = postSolution
		{A3839BEF-2D3F-4817-AB3E-43781E6CDE07}.Debug|Any CPU.ActiveCfg = Debug|Any CPU
		{A3839BEF-2D3F-4817-AB3E-43781E6CDE07}.Release|Any CPU.ActiveCfg = Release|Any CPU
	EndGlobalSection
	GlobalSection(SolutionProperties) = preSolution
		HideSolutionNode = FALSE
	EndGlobalSection
	GlobalSection(ExtensibilityGlobals) = postSolution
		SolutionGuid = {7E797205-394C-4EC4-B244-5749161A73F8}
	EndGlobalSection
EndGlobal
